github.com/speterson-zoll/go-haversine v0.0.0-20160308020054-b8b58e5a75f5 h1:ucGH/4XPDNnZGAQDP48ehntjHjMhuLuMc9kieVoqDdw=
github.com/speterson-zoll/go-haversine v0.0.0-20160308020054-b8b58e5a75f5/go.mod h1:21Pglda8BT2qCvNyD+qia4u3ddhDRyZq23Ab/tYQiMw=
pault.ag/go/haversine v0.0.0-20180514173713-54fbd0f97f68 h1:sBFMdyp30S3MxdW1drDwtYGUTrv1mAWorBN4uYsuXok=
pault.ag/go/haversine v0.0.0-20180514173713-54fbd0f97f68/go.mod h1:s/oX0PE/fMHYSn4g1cQv1KbfzuozbKwcEUPQiY+yxtY=
